// !$*UTF8*$!
{
	archiveVersion = 1;
	classes = {
	};
	objectVersion = 46;
	objects = {

/* Begin PBXBuildFile section */
		948A050D19C75275008A1966 /* AppDelegate.swift in Sources */ = {isa = PBXBuildFile; fileRef = 948A050C19C75275008A1966 /* AppDelegate.swift */; };
		948A050F19C75275008A1966 /* ViewController.swift in Sources */ = {isa = PBXBuildFile; fileRef = 948A050E19C75275008A1966 /* ViewController.swift */; };
		948A051219C75275008A1966 /* Main.storyboard in Resources */ = {isa = PBXBuildFile; fileRef = 948A051019C75275008A1966 /* Main.storyboard */; };
		948A051419C75275008A1966 /* Images.xcassets in Resources */ = {isa = PBXBuildFile; fileRef = 948A051319C75275008A1966 /* Images.xcassets */; };
		948A051719C75275008A1966 /* LaunchScreen.xib in Resources */ = {isa = PBXBuildFile; fileRef = 948A051519C75275008A1966 /* LaunchScreen.xib */; };
		948A052319C75275008A1966 /* PostcardNewTests.swift in Sources */ = {isa = PBXBuildFile; fileRef = 948A052219C75275008A1966 /* PostcardNewTests.swift */; };
		948A052D19C75569008A1966 /* SagradaFamilia.jpeg in Resources */ = {isa = PBXBuildFile; fileRef = 948A052C19C75569008A1966 /* SagradaFamilia.jpeg */; };
		948A052F19C75AD1008A1966 /* AlbertEinsteinStamp.jpg in Resources */ = {isa = PBXBuildFile; fileRef = 948A052E19C75AD1008A1966 /* AlbertEinsteinStamp.jpg */; };
/* End PBXBuildFile section */

/* Begin PBXContainerItemProxy section */
		948A051D19C75275008A1966 /* PBXContainerItemProxy */ = {
			isa = PBXContainerItemProxy;
			containerPortal = 948A04FF19C75275008A1966 /* Project object */;
			proxyType = 1;
			remoteGlobalIDString = 948A050619C75275008A1966;
			remoteInfo = PostcardNew;
		};
/* End PBXContainerItemProxy section */

/* Begin PBXFileReference section */
		948A050719C75275008A1966 /* PostcardNew.app */ = {isa = PBXFileReference; explicitFileType = wrapper.application; includeInIndex = 0; path = PostcardNew.app; sourceTree = BUILT_PRODUCTS_DIR; };
		948A050B19C75275008A1966 /* Info.plist */ = {isa = PBXFileReference; lastKnownFileType = text.plist.xml; path = Info.plist; sourceTree = "<group>"; };
		948A050C19C75275008A1966 /* AppDelegate.swift */ = {isa = PBXFileReference; lastKnownFileType = sourcecode.swift; path = AppDelegate.swift; sourceTree = "<group>"; };
		948A050E19C75275008A1966 /* ViewController.swift */ = {isa = PBXFileReference; lastKnownFileType = sourcecode.swift; path = ViewController.swift; sourceTree = "<group>"; };
		948A051119C75275008A1966 /* Base */ = {isa = PBXFileReference; lastKnownFileType = file.storyboard; name = Base; path = Base.lproj/Main.storyboard; sourceTree = "<group>"; };
		948A051319C75275008A1966 /* Images.xcassets */ = {isa = PBXFileReference; lastKnownFileType = folder.assetcatalog; path = Images.xcassets; sourceTree = "<group>"; };
		948A051619C75275008A1966 /* Base */ = {isa = PBXFileReference; lastKnownFileType = file.xib; name = Base; path = Base.lproj/LaunchScreen.xib; sourceTree = "<group>"; };
		948A051C19C75275008A1966 /* PostcardNewTests.xctest */ = {isa = PBXFileReference; explicitFileType = wrapper.cfbundle; includeInIndex = 0; path = PostcardNewTests.xctest; sourceTree = BUILT_PRODUCTS_DIR; };
		948A052119C75275008A1966 /* Info.plist */ = {isa = PBXFileReference; lastKnownFileType = text.plist.xml; path = Info.plist; sourceTree = "<group>"; };
		948A052219C75275008A1966 /* PostcardNewTests.swift */ = {isa = PBXFileReference; lastKnownFileType = sourcecode.swift; path = PostcardNewTests.swift; sourceTree = "<group>"; };
		948A052C19C75569008A1966 /* SagradaFamilia.jpeg */ = {isa = PBXFileReference; lastKnownFileType = image.jpeg; path = SagradaFamilia.jpeg; sourceTree = "<group>"; };
		948A052E19C75AD1008A1966 /* AlbertEinsteinStamp.jpg */ = {isa = PBXFileReference; lastKnownFileType = image.jpeg; path = AlbertEinsteinStamp.jpg; sourceTree = "<group>"; };
/* End PBXFileReference section */

/* Begin PBXFrameworksBuildPhase section */
		948A050419C75275008A1966 /* Frameworks */ = {
			isa = PBXFrameworksBuildPhase;
			buildActionMask = 2147483647;
			files = (
			);
			runOnlyForDeploymentPostprocessing = 0;
		};
		948A051919C75275008A1966 /* Frameworks */ = {
			isa = PBXFrameworksBuildPhase;
			buildActionMask = 2147483647;
			files = (
			);
			runOnlyForDeploymentPostprocessing = 0;
		};
/* End PBXFrameworksBuildPhase section */

/* Begin PBXGroup section */
		948A04FE19C75275008A1966 = {
			isa = PBXGroup;
			children = (
				948A050919C75275008A1966 /* PostcardNew */,
				948A051F19C75275008A1966 /* PostcardNewTests */,
				948A050819C75275008A1966 /* Products */,
			);
			sourceTree = "<group>";
		};
		948A050819C75275008A1966 /* Products */ = {
			isa = PBXGroup;
			children = (
				948A050719C75275008A1966 /* PostcardNew.app */,
				948A051C19C75275008A1966 /* PostcardNewTests.xctest */,
			);
			name = Products;
			sourceTree = "<group>";
		};
		948A050919C75275008A1966 /* PostcardNew */ = {
			isa = PBXGroup;
			children = (
				948A050C19C75275008A1966 /* AppDelegate.swift */,
				948A050E19C75275008A1966 /* ViewController.swift */,
				948A051019C75275008A1966 /* Main.storyboard */,
				948A051319C75275008A1966 /* Images.xcassets */,
				948A051519C75275008A1966 /* LaunchScreen.xib */,
				948A050A19C75275008A1966 /* Supporting Files */,
			);
			path = PostcardNew;
			sourceTree = "<group>";
		};
		948A050A19C75275008A1966 /* Supporting Files */ = {
			isa = PBXGroup;
			children = (
				948A052E19C75AD1008A1966 /* AlbertEinsteinStamp.jpg */,
				948A052C19C75569008A1966 /* SagradaFamilia.jpeg */,
				948A050B19C75275008A1966 /* Info.plist */,
			);
			name = "Supporting Files";
			sourceTree = "<group>";
		};
		948A051F19C75275008A1966 /* PostcardNewTests */ = {
			isa = PBXGroup;
			children = (
				948A052219C75275008A1966 /* PostcardNewTests.swift */,
				948A052019C75275008A1966 /* Supporting Files */,
			);
			path = PostcardNewTests;
			sourceTree = "<group>";
		};
		948A052019C75275008A1966 /* Supporting Files */ = {
			isa = PBXGroup;
			children = (
				948A052119C75275008A1966 /* Info.plist */,
			);
			name = "Supporting Files";
			sourceTree = "<group>";
		};
/* End PBXGroup section */

/* Begin PBXNativeTarget section */
		948A050619C75275008A1966 /* PostcardNew */ = {
			isa = PBXNativeTarget;
			buildConfigurationList = 948A052619C75275008A1966 /* Build configuration list for PBXNativeTarget "PostcardNew" */;
			buildPhases = (
				948A050319C75275008A1966 /* Sources */,
				948A050419C75275008A1966 /* Frameworks */,
				948A050519C75275008A1966 /* Resources */,
			);
			buildRules = (
			);
			dependencies = (
			);
			name = PostcardNew;
			productName = PostcardNew;
			productReference = 948A050719C75275008A1966 /* PostcardNew.app */;
			productType = "com.apple.product-type.application";
		};
		948A051B19C75275008A1966 /* PostcardNewTests */ = {
			isa = PBXNativeTarget;
			buildConfigurationList = 948A052919C75275008A1966 /* Build configuration list for PBXNativeTarget "PostcardNewTests" */;
			buildPhases = (
				948A051819C75275008A1966 /* Sources */,
				948A051919C75275008A1966 /* Frameworks */,
				948A051A19C75275008A1966 /* Resources */,
			);
			buildRules = (
			);
			dependencies = (
				948A051E19C75275008A1966 /* PBXTargetDependency */,
			);
			name = PostcardNewTests;
			productName = PostcardNewTests;
			productReference = 948A051C19C75275008A1966 /* PostcardNewTests.xctest */;
			productType = "com.apple.product-type.bundle.unit-test";
		};
/* End PBXNativeTarget section */

/* Begin PBXProject section */
		948A04FF19C75275008A1966 /* Project object */ = {
			isa = PBXProject;
			attributes = {
				LastUpgradeCheck = 0600;
				ORGANIZATIONNAME = "Ryan Gialames";
				TargetAttributes = {
					948A050619C75275008A1966 = {
						CreatedOnToolsVersion = 6.0;
					};
					948A051B19C75275008A1966 = {
						CreatedOnToolsVersion = 6.0;
						TestTargetID = 948A050619C75275008A1966;
					};
				};
			};
			buildConfigurationList = 948A050219C75275008A1966 /* Build configuration list for PBXProject "PostcardNew" */;
			compatibilityVersion = "Xcode 3.2";
			developmentRegion = English;
			hasScannedForEncodings = 0;
			knownRegions = (
				en,
				Base,
			);
			mainGroup = 948A04FE19C75275008A1966;
			productRefGroup = 948A050819C75275008A1966 /* Products */;
			projectDirPath = "";
			projectRoot = "";
			targets = (
				948A050619C75275008A1966 /* PostcardNew */,
				948A051B19C75275008A1966 /* PostcardNewTests */,
			);
		};
/* End PBXProject section */

/* Begin PBXResourcesBuildPhase section */
		948A050519C75275008A1966 /* Resources */ = {
			isa = PBXResourcesBuildPhase;
			buildActionMask = 2147483647;
			files = (
				948A051219C75275008A1966 /* Main.storyboard in Resources */,
				948A052D19C75569008A1966 /* SagradaFamilia.jpeg in Resources */,
				948A052F19C75AD1008A1966 /* AlbertEinsteinStamp.jpg in Resources */,
				948A051719C75275008A1966 /* LaunchScreen.xib in Resources */,
				948A051419C75275008A1966 /* Images.xcassets in Resources */,
			);
			runOnlyForDeploymentPostprocessing = 0;
		};
		948A051A19C75275008A1966 /* Resources */ = {
			isa = PBXResourcesBuildPhase;
			buildActionMask = 2147483647;
			files = (
			);
			runOnlyForDeploymentPostprocessing = 0;
		};
/* End PBXResourcesBuildPhase section */

/* Begin PBXSourcesBuildPhase section */
		948A050319C75275008A1966 /* Sources */ = {
			isa = PBXSourcesBuildPhase;
			buildActionMask = 2147483647;
			files = (
				948A050F19C75275008A1966 /* ViewController.swift in Sources */,
				948A050D19C75275008A1966 /* AppDelegate.swift in Sources */,
			);
			runOnlyForDeploymentPostprocessing = 0;
		};
		948A051819C75275008A1966 /* Sources */ = {
			isa = PBXSourcesBuildPhase;
			buildActionMask = 2147483647;
			files = (
				948A052319C75275008A1966 /* PostcardNewTests.swift in Sources */,
			);
			runOnlyForDeploymentPostprocessing = 0;
		};
/* End PBXSourcesBuildPhase section */

/* Begin PBXTargetDependency section */
		948A051E19C75275008A1966 /* PBXTargetDependency */ = {
			isa = PBXTargetDependency;
			target = 948A050619C75275008A1966 /* PostcardNew */;
			targetProxy = 948A051D19C75275008A1966 /* PBXContainerItemProxy */;
		};
/* End PBXTargetDependency section */

/* Begin PBXVariantGroup section */
		948A051019C75275008A1966 /* Main.storyboard */ = {
			isa = PBXVariantGroup;
			children = (
				948A051119C75275008A1966 /* Base */,
			);
			name = Main.storyboard;
			sourceTree = "<group>";
		};
		948A051519C75275008A1966 /* LaunchScreen.xib */ = {
			isa = PBXVariantGroup;
			children = (
				948A051619C75275008A1966 /* Base */,
			);
			name = LaunchScreen.xib;
			sourceTree = "<group>";
		};
/* End PBXVariantGroup section */

/* Begin XCBuildConfiguration section */
		948A052419C75275008A1966 /* Debug */ = {
			isa = XCBuildConfiguration;
			buildSettings = {
				ALWAYS_SEARCH_USER_PATHS = NO;
				CLANG_CXX_LANGUAGE_STANDARD = "gnu++0x";
				CLANG_CXX_LIBRARY = "libc++";
				CLANG_ENABLE_MODULES = YES;
				CLANG_ENABLE_OBJC_ARC = YES;
				CLANG_WARN_BOOL_CONVERSION = YES;
				CLANG_WARN_CONSTANT_CONVERSION = YES;
				CLANG_WARN_DIRECT_OBJC_ISA_USAGE = YES_ERROR;
				CLANG_WARN_EMPTY_BODY = YES;
				CLANG_WARN_ENUM_CONVERSION = YES;
				CLANG_WARN_INT_CONVERSION = YES;
				CLANG_WARN_OBJC_ROOT_CLASS = YES_ERROR;
				CLANG_WARN_UNREACHABLE_CODE = YES;
				CLANG_WARN__DUPLICATE_METHOD_MATCH = YES;
				"CODE_SIGN_IDENTITY[sdk=iphoneos*]" = "iPhone Developer";
				COPY_PHASE_STRIP = NO;
				ENABLE_STRICT_OBJC_MSGSEND = YES;
				GCC_C_LANGUAGE_STANDARD = gnu99;
				GCC_DYNAMIC_NO_PIC = NO;
				GCC_OPTIMIZATION_LEVEL = 0;
				GCC_PREPROCESSOR_DEFINITIONS = (
					"DEBUG=1",
					"$(inherited)",
				);
				GCC_SYMBOLS_PRIVATE_EXTERN = NO;
				GCC_WARN_64_TO_32_BIT_CONVERSION = YES;
				GCC_WARN_ABOUT_RETURN_TYPE = YES_ERROR;
				GCC_WARN_UNDECLARED_SELECTOR = YES;
				GCC_WARN_UNINITIALIZED_AUTOS = YES_AGGRESSIVE;
				GCC_WARN_UNUSED_FUNCTION = YES;
				GCC_WARN_UNUSED_VARIABLE = YES;
				IPHONEOS_DEPLOYMENT_TARGET = 8.0;
				MTL_ENABLE_DEBUG_INFO = YES;
				ONLY_ACTIVE_ARCH = YES;
				SDKROOT = iphoneos;
				SWIFT_OPTIMIZATION_LEVEL = "-Onone";
			};
			name = Debug;
		};
		948A052519C75275008A1966 /* Release */ = {
			isa = XCBuildConfiguration;
			buildSettings = {
				ALWAYS_SEARCH_USER_PATHS = NO;
				CLANG_CXX_LANGUAGE_STANDARD = "gnu++0x";
				CLANG_CXX_LIBRARY = "libc++";
				CLANG_ENABLE_MODULES = YES;
				CLANG_ENABLE_OBJC_ARC = YES;
				CLANG_WARN_BOOL_CONVERSION = YES;
				CLANG_WARN_CONSTANT_CONVERSION = YES;
				CLANG_WARN_DIRECT_OBJC_ISA_USAGE = YES_ERROR;
				CLANG_WARN_EMPTY_BODY = YES;
				CLANG_WARN_ENUM_CONVERSION = YES;
				CLANG_WARN_INT_CONVERSION = YES;
				CLANG_WARN_OBJC_ROOT_CLASS = YES_ERROR;
				CLANG_WARN_UNREACHABLE_CODE = YES;
				CLANG_WARN__DUPLICATE_METHOD_MATCH = YES;
				"CODE_SIGN_IDENTITY[sdk=iphoneos*]" = "iPhone Developer";
				COPY_PHASE_STRIP = YES;
				ENABLE_NS_ASSERTIONS = NO;
				ENABLE_STRICT_OBJC_MSGSEND = YES;
				GCC_C_LANGUAGE_STANDARD = gnu99;
				GCC_WARN_64_TO_32_BIT_CONVERSION = YES;
				GCC_WARN_ABOUT_RETURN_TYPE = YES_ERROR;
				GCC_WARN_UNDECLARED_SELECTOR = YES;
				GCC_WARN_UNINITIALIZED_AUTOS = YES_AGGRESSIVE;
				GCC_WARN_UNUSED_FUNCTION = YES;
				GCC_WARN_UNUSED_VARIABLE = YES;
				IPHONEOS_DEPLOYMENT_TARGET = 8.0;
				MTL_ENABLE_DEBUG_INFO = NO;
				SDKROOT = iphoneos;
				VALIDATE_PRODUCT = YES;
			};
			name = Release;
		};
		948A052719C75275008A1966 /* Debug */ = {
			isa = XCBuildConfiguration;
			buildSettings = {
				ASSETCATALOG_COMPILER_APPICON_NAME = AppIcon;
				INFOPLIST_FILE = PostcardNew/Info.plist;
				LD_RUNPATH_SEARCH_PATHS = "$(inherited) @executable_path/Frameworks";
				PRODUCT_NAME = "$(TARGET_NAME)";
			};
			name = Debug;
		};
		948A052819C75275008A1966 /* Release */ = {
			isa = XCBuildConfiguration;
			buildSettings = {
				ASSETCATALOG_COMPILER_APPICON_NAME = AppIcon;
				INFOPLIST_FILE = PostcardNew/Info.plist;
				LD_RUNPATH_SEARCH_PATHS = "$(inherited) @executable_path/Frameworks";
				PRODUCT_NAME = "$(TARGET_NAME)";
			};
			name = Release;
		};
		948A052A19C75275008A1966 /* Debug */ = {
			isa = XCBuildConfiguration;
			buildSettings = {
				BUNDLE_LOADER = "$(TEST_HOST)";
				FRAMEWORK_SEARCH_PATHS = (
					"$(SDKROOT)/Developer/Library/Frameworks",
					"$(inherited)",
				);
				GCC_PREPROCESSOR_DEFINITIONS = (
					"DEBUG=1",
					"$(inherited)",
				);
				INFOPLIST_FILE = PostcardNewTests/Info.plist;
				LD_RUNPATH_SEARCH_PATHS = "$(inherited) @executable_path/Frameworks @loader_path/Frameworks";
				PRODUCT_NAME = "$(TARGET_NAME)";
				TEST_HOST = "$(BUILT_PRODUCTS_DIR)/PostcardNew.app/PostcardNew";
			};
			name = Debug;
		};
		948A052B19C75275008A1966 /* Release */ = {
			isa = XCBuildConfiguration;
			buildSettings = {
				BUNDLE_LOADER = "$(TEST_HOST)";
				FRAMEWORK_SEARCH_PATHS = (
					"$(SDKROOT)/Developer/Library/Frameworks",
					"$(inherited)",
				);
				INFOPLIST_FILE = PostcardNewTests/Info.plist;
				LD_RUNPATH_SEARCH_PATHS = "$(inherited) @executable_path/Frameworks @loader_path/Frameworks";
				PRODUCT_NAME = "$(TARGET_NAME)";
				TEST_HOST = "$(BUILT_PRODUCTS_DIR)/PostcardNew.app/PostcardNew";
			};
			name = Release;
		};
/* End XCBuildConfiguration section */

/* Begin XCConfigurationList section */
		948A050219C75275008A1966 /* Build configuration list for PBXProject "PostcardNew" */ = {
			isa = XCConfigurationList;
			buildConfigurations = (
				948A052419C75275008A1966 /* Debug */,
				948A052519C75275008A1966 /* Release */,
			);
			defaultConfigurationIsVisible = 0;
			defaultConfigurationName = Release;
		};
		948A052619C75275008A1966 /* Build configuration list for PBXNativeTarget "PostcardNew" */ = {
			isa = XCConfigurationList;
			buildConfigurations = (
				948A052719C75275008A1966 /* Debug */,
				948A052819C75275008A1966 /* Release */,
			);
			defaultConfigurationIsVisible = 0;
		};
		948A052919C75275008A1966 /* Build configuration list for PBXNativeTarget "PostcardNewTests" */ = {
			isa = XCConfigurationList;
			buildConfigurations = (
				948A052A19C75275008A1966 /* Debug */,
				948A052B19C75275008A1966 /* Release */,
			);
			defaultConfigurationIsVisible = 0;
		};
/* End XCConfigurationList section */
	};
	rootObject = 948A04FF19C75275008A1966 /* Project object */;
}
